// !$*UTF8*$!
{
	archiveVersion = 1;
	classes = {
	};
	objectVersion = 56;
	objects = {

/* Begin PBXBuildFile section */
		B93EB2382B638F46002DA374 /* AppDelegate.swift in Sources */ = {isa = PBXBuildFile; fileRef = B93EB2372B638F46002DA374 /* AppDelegate.swift */; };
		B93EB23A2B638F46002DA374 /* SceneDelegate.swift in Sources */ = {isa = PBXBuildFile; fileRef = B93EB2392B638F46002DA374 /* SceneDelegate.swift */; };
		B93EB23C2B638F46002DA374 /* ViewController.swift in Sources */ = {isa = PBXBuildFile; fileRef = B93EB23B2B638F46002DA374 /* ViewController.swift */; };
		B93EB23F2B638F46002DA374 /* Main.storyboard in Resources */ = {isa = PBXBuildFile; fileRef = B93EB23D2B638F46002DA374 /* Main.storyboard */; };
		B93EB2412B638F47002DA374 /* Assets.xcassets in Resources */ = {isa = PBXBuildFile; fileRef = B93EB2402B638F47002DA374 /* Assets.xcassets */; };
		B93EB2442B638F47002DA374 /* LaunchScreen.storyboard in Resources */ = {isa = PBXBuildFile; fileRef = B93EB2422B638F47002DA374 /* LaunchScreen.storyboard */; };
		B93EB24F2B638F48002DA374 /* Unit_Test_Swift_CourseTests.swift in Sources */ = {isa = PBXBuildFile; fileRef = B93EB24E2B638F48002DA374 /* Unit_Test_Swift_CourseTests.swift */; };
		B93EB2592B638F48002DA374 /* Unit_Test_Swift_CourseUITests.swift in Sources */ = {isa = PBXBuildFile; fileRef = B93EB2582B638F48002DA374 /* Unit_Test_Swift_CourseUITests.swift */; };
		B93EB25B2B638F48002DA374 /* Unit_Test_Swift_CourseUITestsLaunchTests.swift in Sources */ = {isa = PBXBuildFile; fileRef = B93EB25A2B638F48002DA374 /* Unit_Test_Swift_CourseUITestsLaunchTests.swift */; };
/* End PBXBuildFile section */

/* Begin PBXContainerItemProxy section */
		B93EB24B2B638F48002DA374 /* PBXContainerItemProxy */ = {
			isa = PBXContainerItemProxy;
			containerPortal = B93EB22C2B638F46002DA374 /* Project object */;
			proxyType = 1;
			remoteGlobalIDString = B93EB2332B638F46002DA374;
			remoteInfo = "Unit Test Swift Course";
		};
		B93EB2552B638F48002DA374 /* PBXContainerItemProxy */ = {
			isa = PBXContainerItemProxy;
			containerPortal = B93EB22C2B638F46002DA374 /* Project object */;
			proxyType = 1;
			remoteGlobalIDString = B93EB2332B638F46002DA374;
			remoteInfo = "Unit Test Swift Course";
		};
/* End PBXContainerItemProxy section */

/* Begin PBXFileReference section */
		B93EB2342B638F46002DA374 /* Unit Test Swift Course.app */ = {isa = PBXFileReference; explicitFileType = wrapper.application; includeInIndex = 0; path = "Unit Test Swift Course.app"; sourceTree = BUILT_PRODUCTS_DIR; };
		B93EB2372B638F46002DA374 /* AppDelegate.swift */ = {isa = PBXFileReference; lastKnownFileType = sourcecode.swift; path = AppDelegate.swift; sourceTree = "<group>"; };
		B93EB2392B638F46002DA374 /* SceneDelegate.swift */ = {isa = PBXFileReference; lastKnownFileType = sourcecode.swift; path = SceneDelegate.swift; sourceTree = "<group>"; };
		B93EB23B2B638F46002DA374 /* ViewController.swift */ = {isa = PBXFileReference; lastKnownFileType = sourcecode.swift; path = ViewController.swift; sourceTree = "<group>"; };
		B93EB23E2B638F46002DA374 /* Base */ = {isa = PBXFileReference; lastKnownFileType = file.storyboard; name = Base; path = Base.lproj/Main.storyboard; sourceTree = "<group>"; };
		B93EB2402B638F47002DA374 /* Assets.xcassets */ = {isa = PBXFileReference; lastKnownFileType = folder.assetcatalog; path = Assets.xcassets; sourceTree = "<group>"; };
		B93EB2432B638F47002DA374 /* Base */ = {isa = PBXFileReference; lastKnownFileType = file.storyboard; name = Base; path = Base.lproj/LaunchScreen.storyboard; sourceTree = "<group>"; };
		B93EB2452B638F47002DA374 /* Info.plist */ = {isa = PBXFileReference; lastKnownFileType = text.plist.xml; path = Info.plist; sourceTree = "<group>"; };
		B93EB24A2B638F48002DA374 /* Unit Test Swift CourseTests.xctest */ = {isa = PBXFileReference; explicitFileType = wrapper.cfbundle; includeInIndex = 0; path = "Unit Test Swift CourseTests.xctest"; sourceTree = BUILT_PRODUCTS_DIR; };
		B93EB24E2B638F48002DA374 /* Unit_Test_Swift_CourseTests.swift */ = {isa = PBXFileReference; lastKnownFileType = sourcecode.swift; path = Unit_Test_Swift_CourseTests.swift; sourceTree = "<group>"; };
		B93EB2542B638F48002DA374 /* Unit Test Swift CourseUITests.xctest */ = {isa = PBXFileReference; explicitFileType = wrapper.cfbundle; includeInIndex = 0; path = "Unit Test Swift CourseUITests.xctest"; sourceTree = BUILT_PRODUCTS_DIR; };
		B93EB2582B638F48002DA374 /* Unit_Test_Swift_CourseUITests.swift */ = {isa = PBXFileReference; lastKnownFileType = sourcecode.swift; path = Unit_Test_Swift_CourseUITests.swift; sourceTree = "<group>"; };
		B93EB25A2B638F48002DA374 /* Unit_Test_Swift_CourseUITestsLaunchTests.swift */ = {isa = PBXFileReference; lastKnownFileType = sourcecode.swift; path = Unit_Test_Swift_CourseUITestsLaunchTests.swift; sourceTree = "<group>"; };
/* End PBXFileReference section */

/* Begin PBXFrameworksBuildPhase section */
		B93EB2312B638F46002DA374 /* Frameworks */ = {
			isa = PBXFrameworksBuildPhase;
			buildActionMask = 2147483647;
			files = (
			);
			runOnlyForDeploymentPostprocessing = 0;
		};
		B93EB2472B638F48002DA374 /* Frameworks */ = {
			isa = PBXFrameworksBuildPhase;
			buildActionMask = 2147483647;
			files = (
			);
			runOnlyForDeploymentPostprocessing = 0;
		};
		B93EB2512B638F48002DA374 /* Frameworks */ = {
			isa = PBXFrameworksBuildPhase;
			buildActionMask = 2147483647;
			files = (
			);
			runOnlyForDeploymentPostprocessing = 0;
		};
/* End PBXFrameworksBuildPhase section */

/* Begin PBXGroup section */
		B93EB22B2B638F46002DA374 = {
			isa = PBXGroup;
			children = (
				B93EB2362B638F46002DA374 /* Unit Test Swift Course */,
				B93EB24D2B638F48002DA374 /* Unit Test Swift CourseTests */,
				B93EB2572B638F48002DA374 /* Unit Test Swift CourseUITests */,
				B93EB2352B638F46002DA374 /* Products */,
			);
			sourceTree = "<group>";
		};
		B93EB2352B638F46002DA374 /* Products */ = {
			isa = PBXGroup;
			children = (
				B93EB2342B638F46002DA374 /* Unit Test Swift Course.app */,
				B93EB24A2B638F48002DA374 /* Unit Test Swift CourseTests.xctest */,
				B93EB2542B638F48002DA374 /* Unit Test Swift CourseUITests.xctest */,
			);
			name = Products;
			sourceTree = "<group>";
		};
		B93EB2362B638F46002DA374 /* Unit Test Swift Course */ = {
			isa = PBXGroup;
			children = (
				B93EB2372B638F46002DA374 /* AppDelegate.swift */,
				B93EB2392B638F46002DA374 /* SceneDelegate.swift */,
				B93EB23B2B638F46002DA374 /* ViewController.swift */,
				B93EB23D2B638F46002DA374 /* Main.storyboard */,
				B93EB2402B638F47002DA374 /* Assets.xcassets */,
				B93EB2422B638F47002DA374 /* LaunchScreen.storyboard */,
				B93EB2452B638F47002DA374 /* Info.plist */,
			);
			path = "Unit Test Swift Course";
			sourceTree = "<group>";
		};
		B93EB24D2B638F48002DA374 /* Unit Test Swift CourseTests */ = {
			isa = PBXGroup;
			children = (
				B93EB24E2B638F48002DA374 /* Unit_Test_Swift_CourseTests.swift */,
			);
			path = "Unit Test Swift CourseTests";
			sourceTree = "<group>";
		};
		B93EB2572B638F48002DA374 /* Unit Test Swift CourseUITests */ = {
			isa = PBXGroup;
			children = (
				B93EB2582B638F48002DA374 /* Unit_Test_Swift_CourseUITests.swift */,
				B93EB25A2B638F48002DA374 /* Unit_Test_Swift_CourseUITestsLaunchTests.swift */,
			);
			path = "Unit Test Swift CourseUITests";
			sourceTree = "<group>";
		};
/* End PBXGroup section */

/* Begin PBXNativeTarget section */
		B93EB2332B638F46002DA374 /* Unit Test Swift Course */ = {
			isa = PBXNativeTarget;
			buildConfigurationList = B93EB25E2B638F48002DA374 /* Build configuration list for PBXNativeTarget "Unit Test Swift Course" */;
			buildPhases = (
				B93EB2302B638F46002DA374 /* Sources */,
				B93EB2312B638F46002DA374 /* Frameworks */,
				B93EB2322B638F46002DA374 /* Resources */,
			);
			buildRules = (
			);
			dependencies = (
			);
			name = "Unit Test Swift Course";
			productName = "Unit Test Swift Course";
			productReference = B93EB2342B638F46002DA374 /* Unit Test Swift Course.app */;
			productType = "com.apple.product-type.application";
		};
		B93EB2492B638F48002DA374 /* Unit Test Swift CourseTests */ = {
			isa = PBXNativeTarget;
			buildConfigurationList = B93EB2612B638F48002DA374 /* Build configuration list for PBXNativeTarget "Unit Test Swift CourseTests" */;
			buildPhases = (
				B93EB2462B638F48002DA374 /* Sources */,
				B93EB2472B638F48002DA374 /* Frameworks */,
				B93EB2482B638F48002DA374 /* Resources */,
			);
			buildRules = (
			);
			dependencies = (
				B93EB24C2B638F48002DA374 /* PBXTargetDependency */,
			);
			name = "Unit Test Swift CourseTests";
			productName = "Unit Test Swift CourseTests";
			productReference = B93EB24A2B638F48002DA374 /* Unit Test Swift CourseTests.xctest */;
			productType = "com.apple.product-type.bundle.unit-test";
		};
		B93EB2532B638F48002DA374 /* Unit Test Swift CourseUITests */ = {
			isa = PBXNativeTarget;
			buildConfigurationList = B93EB2642B638F48002DA374 /* Build configuration list for PBXNativeTarget "Unit Test Swift CourseUITests" */;
			buildPhases = (
				B93EB2502B638F48002DA374 /* Sources */,
				B93EB2512B638F48002DA374 /* Frameworks */,
				B93EB2522B638F48002DA374 /* Resources */,
			);
			buildRules = (
			);
			dependencies = (
				B93EB2562B638F48002DA374 /* PBXTargetDependency */,
			);
			name = "Unit Test Swift CourseUITests";
			productName = "Unit Test Swift CourseUITests";
			productReference = B93EB2542B638F48002DA374 /* Unit Test Swift CourseUITests.xctest */;
			productType = "com.apple.product-type.bundle.ui-testing";
		};
/* End PBXNativeTarget section */

/* Begin PBXProject section */
		B93EB22C2B638F46002DA374 /* Project object */ = {
			isa = PBXProject;
			attributes = {
				BuildIndependentTargetsInParallel = 1;
				LastSwiftUpdateCheck = 1520;
				LastUpgradeCheck = 1520;
				TargetAttributes = {
					B93EB2332B638F46002DA374 = {
						CreatedOnToolsVersion = 15.2;
					};
					B93EB2492B638F48002DA374 = {
						CreatedOnToolsVersion = 15.2;
						TestTargetID = B93EB2332B638F46002DA374;
					};
					B93EB2532B638F48002DA374 = {
						CreatedOnToolsVersion = 15.2;
						TestTargetID = B93EB2332B638F46002DA374;
					};
				};
			};
			buildConfigurationList = B93EB22F2B638F46002DA374 /* Build configuration list for PBXProject "Unit Test Swift Course" */;
			compatibilityVersion = "Xcode 14.0";
			developmentRegion = en;
			hasScannedForEncodings = 0;
			knownRegions = (
				en,
				Base,
			);
			mainGroup = B93EB22B2B638F46002DA374;
			productRefGroup = B93EB2352B638F46002DA374 /* Products */;
			projectDirPath = "";
			projectRoot = "";
			targets = (
				B93EB2332B638F46002DA374 /* Unit Test Swift Course */,
				B93EB2492B638F48002DA374 /* Unit Test Swift CourseTests */,
				B93EB2532B638F48002DA374 /* Unit Test Swift CourseUITests */,
			);
		};
/* End PBXProject section */

/* Begin PBXResourcesBuildPhase section */
		B93EB2322B638F46002DA374 /* Resources */ = {
			isa = PBXResourcesBuildPhase;
			buildActionMask = 2147483647;
			files = (
				B93EB2442B638F47002DA374 /* LaunchScreen.storyboard in Resources */,
				B93EB2412B638F47002DA374 /* Assets.xcassets in Resources */,
				B93EB23F2B638F46002DA374 /* Main.storyboard in Resources */,
			);
			runOnlyForDeploymentPostprocessing = 0;
		};
		B93EB2482B638F48002DA374 /* Resources */ = {
			isa = PBXResourcesBuildPhase;
			buildActionMask = 2147483647;
			files = (
			);
			runOnlyForDeploymentPostprocessing = 0;
		};
		B93EB2522B638F48002DA374 /* Resources */ = {
			isa = PBXResourcesBuildPhase;
			buildActionMask = 2147483647;
			files = (
			);
			runOnlyForDeploymentPostprocessing = 0;
		};
/* End PBXResourcesBuildPhase section */

/* Begin PBXSourcesBuildPhase section */
		B93EB2302B638F46002DA374 /* Sources */ = {
			isa = PBXSourcesBuildPhase;
			buildActionMask = 2147483647;
			files = (
				B93EB23C2B638F46002DA374 /* ViewController.swift in Sources */,
				B93EB2382B638F46002DA374 /* AppDelegate.swift in Sources */,
				B93EB23A2B638F46002DA374 /* SceneDelegate.swift in Sources */,
			);
			runOnlyForDeploymentPostprocessing = 0;
		};
		B93EB2462B638F48002DA374 /* Sources */ = {
			isa = PBXSourcesBuildPhase;
			buildActionMask = 2147483647;
			files = (
				B93EB24F2B638F48002DA374 /* Unit_Test_Swift_CourseTests.swift in Sources */,
			);
			runOnlyForDeploymentPostprocessing = 0;
		};
		B93EB2502B638F48002DA374 /* Sources */ = {
			isa = PBXSourcesBuildPhase;
			buildActionMask = 2147483647;
			files = (
				B93EB2592B638F48002DA374 /* Unit_Test_Swift_CourseUITests.swift in Sources */,
				B93EB25B2B638F48002DA374 /* Unit_Test_Swift_CourseUITestsLaunchTests.swift in Sources */,
			);
			runOnlyForDeploymentPostprocessing = 0;
		};
/* End PBXSourcesBuildPhase section */

/* Begin PBXTargetDependency section */
		B93EB24C2B638F48002DA374 /* PBXTargetDependency */ = {
			isa = PBXTargetDependency;
			target = B93EB2332B638F46002DA374 /* Unit Test Swift Course */;
			targetProxy = B93EB24B2B638F48002DA374 /* PBXContainerItemProxy */;
		};
		B93EB2562B638F48002DA374 /* PBXTargetDependency */ = {
			isa = PBXTargetDependency;
			target = B93EB2332B638F46002DA374 /* Unit Test Swift Course */;
			targetProxy = B93EB2552B638F48002DA374 /* PBXContainerItemProxy */;
		};
/* End PBXTargetDependency section */

/* Begin PBXVariantGroup section */
		B93EB23D2B638F46002DA374 /* Main.storyboard */ = {
			isa = PBXVariantGroup;
			children = (
				B93EB23E2B638F46002DA374 /* Base */,
			);
			name = Main.storyboard;
			sourceTree = "<group>";
		};
		B93EB2422B638F47002DA374 /* LaunchScreen.storyboard */ = {
			isa = PBXVariantGroup;
			children = (
				B93EB2432B638F47002DA374 /* Base */,
			);
			name = LaunchScreen.storyboard;
			sourceTree = "<group>";
		};
/* End PBXVariantGroup section */

/* Begin XCBuildConfiguration section */
		B93EB25C2B638F48002DA374 /* Debug */ = {
			isa = XCBuildConfiguration;
			buildSettings = {
				ALWAYS_SEARCH_USER_PATHS = NO;
				ASSETCATALOG_COMPILER_GENERATE_SWIFT_ASSET_SYMBOL_EXTENSIONS = YES;
				CLANG_ANALYZER_NONNULL = YES;
				CLANG_ANALYZER_NUMBER_OBJECT_CONVERSION = YES_AGGRESSIVE;
				CLANG_CXX_LANGUAGE_STANDARD = "gnu++20";
				CLANG_ENABLE_MODULES = YES;
				CLANG_ENABLE_OBJC_ARC = YES;
				CLANG_ENABLE_OBJC_WEAK = YES;
				CLANG_WARN_BLOCK_CAPTURE_AUTORELEASING = YES;
				CLANG_WARN_BOOL_CONVERSION = YES;
				CLANG_WARN_COMMA = YES;
				CLANG_WARN_CONSTANT_CONVERSION = YES;
				CLANG_WARN_DEPRECATED_OBJC_IMPLEMENTATIONS = YES;
				CLANG_WARN_DIRECT_OBJC_ISA_USAGE = YES_ERROR;
				CLANG_WARN_DOCUMENTATION_COMMENTS = YES;
				CLANG_WARN_EMPTY_BODY = YES;
				CLANG_WARN_ENUM_CONVERSION = YES;
				CLANG_WARN_INFINITE_RECURSION = YES;
				CLANG_WARN_INT_CONVERSION = YES;
				CLANG_WARN_NON_LITERAL_NULL_CONVERSION = YES;
				CLANG_WARN_OBJC_IMPLICIT_RETAIN_SELF = YES;
				CLANG_WARN_OBJC_LITERAL_CONVERSION = YES;
				CLANG_WARN_OBJC_ROOT_CLASS = YES_ERROR;
				CLANG_WARN_QUOTED_INCLUDE_IN_FRAMEWORK_HEADER = YES;
				CLANG_WARN_RANGE_LOOP_ANALYSIS = YES;
				CLANG_WARN_STRICT_PROTOTYPES = YES;
				CLANG_WARN_SUSPICIOUS_MOVE = YES;
				CLANG_WARN_UNGUARDED_AVAILABILITY = YES_AGGRESSIVE;
				CLANG_WARN_UNREACHABLE_CODE = YES;
				CLANG_WARN__DUPLICATE_METHOD_MATCH = YES;
				COPY_PHASE_STRIP = NO;
				DEBUG_INFORMATION_FORMAT = dwarf;
				ENABLE_STRICT_OBJC_MSGSEND = YES;
				ENABLE_TESTABILITY = YES;
				ENABLE_USER_SCRIPT_SANDBOXING = YES;
				GCC_C_LANGUAGE_STANDARD = gnu17;
				GCC_DYNAMIC_NO_PIC = NO;
				GCC_NO_COMMON_BLOCKS = YES;
				GCC_OPTIMIZATION_LEVEL = 0;
				GCC_PREPROCESSOR_DEFINITIONS = (
					"DEBUG=1",
					"$(inherited)",
				);
				GCC_WARN_64_TO_32_BIT_CONVERSION = YES;
				GCC_WARN_ABOUT_RETURN_TYPE = YES_ERROR;
				GCC_WARN_UNDECLARED_SELECTOR = YES;
				GCC_WARN_UNINITIALIZED_AUTOS = YES_AGGRESSIVE;
				GCC_WARN_UNUSED_FUNCTION = YES;
				GCC_WARN_UNUSED_VARIABLE = YES;
				IPHONEOS_DEPLOYMENT_TARGET = 17.2;
				LOCALIZATION_PREFERS_STRING_CATALOGS = YES;
				MTL_ENABLE_DEBUG_INFO = INCLUDE_SOURCE;
				MTL_FAST_MATH = YES;
				ONLY_ACTIVE_ARCH = YES;
				SDKROOT = iphoneos;
				SWIFT_ACTIVE_COMPILATION_CONDITIONS = "DEBUG $(inherited)";
				SWIFT_OPTIMIZATION_LEVEL = "-Onone";
			};
			name = Debug;
		};
		B93EB25D2B638F48002DA374 /* Release */ = {
			isa = XCBuildConfiguration;
			buildSettings = {
				ALWAYS_SEARCH_USER_PATHS = NO;
				ASSETCATALOG_COMPILER_GENERATE_SWIFT_ASSET_SYMBOL_EXTENSIONS = YES;
				CLANG_ANALYZER_NONNULL = YES;
				CLANG_ANALYZER_NUMBER_OBJECT_CONVERSION = YES_AGGRESSIVE;
				CLANG_CXX_LANGUAGE_STANDARD = "gnu++20";
				CLANG_ENABLE_MODULES = YES;
				CLANG_ENABLE_OBJC_ARC = YES;
				CLANG_ENABLE_OBJC_WEAK = YES;
				CLANG_WARN_BLOCK_CAPTURE_AUTORELEASING = YES;
				CLANG_WARN_BOOL_CONVERSION = YES;
				CLANG_WARN_COMMA = YES;
				CLANG_WARN_CONSTANT_CONVERSION = YES;
				CLANG_WARN_DEPRECATED_OBJC_IMPLEMENTATIONS = YES;
				CLANG_WARN_DIRECT_OBJC_ISA_USAGE = YES_ERROR;
				CLANG_WARN_DOCUMENTATION_COMMENTS = YES;
				CLANG_WARN_EMPTY_BODY = YES;
				CLANG_WARN_ENUM_CONVERSION = YES;
				CLANG_WARN_INFINITE_RECURSION = YES;
				CLANG_WARN_INT_CONVERSION = YES;
				CLANG_WARN_NON_LITERAL_NULL_CONVERSION = YES;
				CLANG_WARN_OBJC_IMPLICIT_RETAIN_SELF = YES;
				CLANG_WARN_OBJC_LITERAL_CONVERSION = YES;
				CLANG_WARN_OBJC_ROOT_CLASS = YES_ERROR;
				CLANG_WARN_QUOTED_INCLUDE_IN_FRAMEWORK_HEADER = YES;
				CLANG_WARN_RANGE_LOOP_ANALYSIS = YES;
				CLANG_WARN_STRICT_PROTOTYPES = YES;
				CLANG_WARN_SUSPICIOUS_MOVE = YES;
				CLANG_WARN_UNGUARDED_AVAILABILITY = YES_AGGRESSIVE;
				CLANG_WARN_UNREACHABLE_CODE = YES;
				CLANG_WARN__DUPLICATE_METHOD_MATCH = YES;
				COPY_PHASE_STRIP = NO;
				DEBUG_INFORMATION_FORMAT = "dwarf-with-dsym";
				ENABLE_NS_ASSERTIONS = NO;
				ENABLE_STRICT_OBJC_MSGSEND = YES;
				ENABLE_USER_SCRIPT_SANDBOXING = YES;
				GCC_C_LANGUAGE_STANDARD = gnu17;
				GCC_NO_COMMON_BLOCKS = YES;
				GCC_WARN_64_TO_32_BIT_CONVERSION = YES;
				GCC_WARN_ABOUT_RETURN_TYPE = YES_ERROR;
				GCC_WARN_UNDECLARED_SELECTOR = YES;
				GCC_WARN_UNINITIALIZED_AUTOS = YES_AGGRESSIVE;
				GCC_WARN_UNUSED_FUNCTION = YES;
				GCC_WARN_UNUSED_VARIABLE = YES;
				IPHONEOS_DEPLOYMENT_TARGET = 17.2;
				LOCALIZATION_PREFERS_STRING_CATALOGS = YES;
				MTL_ENABLE_DEBUG_INFO = NO;
				MTL_FAST_MATH = YES;
				SDKROOT = iphoneos;
				SWIFT_COMPILATION_MODE = wholemodule;
				VALIDATE_PRODUCT = YES;
			};
			name = Release;
		};
		B93EB25F2B638F48002DA374 /* Debug */ = {
			isa = XCBuildConfiguration;
			buildSettings = {
				ASSETCATALOG_COMPILER_APPICON_NAME = AppIcon;
				ASSETCATALOG_COMPILER_GLOBAL_ACCENT_COLOR_NAME = AccentColor;
				CODE_SIGN_STYLE = Automatic;
				CURRENT_PROJECT_VERSION = 1;
				DEVELOPMENT_TEAM = L3LNYN6YV3;
				GENERATE_INFOPLIST_FILE = YES;
				INFOPLIST_FILE = "Unit Test Swift Course/Info.plist";
				INFOPLIST_KEY_UIApplicationSupportsIndirectInputEvents = YES;
				INFOPLIST_KEY_UILaunchStoryboardName = LaunchScreen;
				INFOPLIST_KEY_UIMainStoryboardFile = Main;
				INFOPLIST_KEY_UISupportedInterfaceOrientations_iPad = "UIInterfaceOrientationPortrait UIInterfaceOrientationPortraitUpsideDown UIInterfaceOrientationLandscapeLeft UIInterfaceOrientationLandscapeRight";
				INFOPLIST_KEY_UISupportedInterfaceOrientations_iPhone = "UIInterfaceOrientationPortrait UIInterfaceOrientationLandscapeLeft UIInterfaceOrientationLandscapeRight";
				LD_RUNPATH_SEARCH_PATHS = (
					"$(inherited)",
					"@executable_path/Frameworks",
				);
				MARKETING_VERSION = 1.0;
				PRODUCT_BUNDLE_IDENTIFIER = "com.ijesusbarragan.Unit-Test-Swift-Course";
				PRODUCT_NAME = "$(TARGET_NAME)";
				SWIFT_EMIT_LOC_STRINGS = YES;
				SWIFT_VERSION = 5.0;
				TARGETED_DEVICE_FAMILY = "1,2";
			};
			name = Debug;
		};
		B93EB2602B638F48002DA374 /* Release */ = {
			isa = XCBuildConfiguration;
			buildSettings = {
				ASSETCATALOG_COMPILER_APPICON_NAME = AppIcon;
				ASSETCATALOG_COMPILER_GLOBAL_ACCENT_COLOR_NAME = AccentColor;
				CODE_SIGN_STYLE = Automatic;
				CURRENT_PROJECT_VERSION = 1;
				DEVELOPMENT_TEAM = L3LNYN6YV3;
				GENERATE_INFOPLIST_FILE = YES;
				INFOPLIST_FILE = "Unit Test Swift Course/Info.plist";
				INFOPLIST_KEY_UIApplicationSupportsIndirectInputEvents = YES;
				INFOPLIST_KEY_UILaunchStoryboardName = LaunchScreen;
				INFOPLIST_KEY_UIMainStoryboardFile = Main;
				INFOPLIST_KEY_UISupportedInterfaceOrientations_iPad = "UIInterfaceOrientationPortrait UIInterfaceOrientationPortraitUpsideDown UIInterfaceOrientationLandscapeLeft UIInterfaceOrientationLandscapeRight";
				INFOPLIST_KEY_UISupportedInterfaceOrientations_iPhone = "UIInterfaceOrientationPortrait UIInterfaceOrientationLandscapeLeft UIInterfaceOrientationLandscapeRight";
				LD_RUNPATH_SEARCH_PATHS = (
					"$(inherited)",
					"@executable_path/Frameworks",
				);
				MARKETING_VERSION = 1.0;
				PRODUCT_BUNDLE_IDENTIFIER = "com.ijesusbarragan.Unit-Test-Swift-Course";
				PRODUCT_NAME = "$(TARGET_NAME)";
				SWIFT_EMIT_LOC_STRINGS = YES;
				SWIFT_VERSION = 5.0;
				TARGETED_DEVICE_FAMILY = "1,2";
			};
			name = Release;
		};
		B93EB2622B638F48002DA374 /* Debug */ = {
			isa = XCBuildConfiguration;
			buildSettings = {
				ALWAYS_EMBED_SWIFT_STANDARD_LIBRARIES = YES;
				BUNDLE_LOADER = "$(TEST_HOST)";
				CODE_SIGN_STYLE = Automatic;
				CURRENT_PROJECT_VERSION = 1;
				DEVELOPMENT_TEAM = L3LNYN6YV3;
				GENERATE_INFOPLIST_FILE = YES;
				IPHONEOS_DEPLOYMENT_TARGET = 17.2;
				MARKETING_VERSION = 1.0;
				PRODUCT_BUNDLE_IDENTIFIER = "com.ijesusbarragan.Unit-Test-Swift-CourseTests";
				PRODUCT_NAME = "$(TARGET_NAME)";
				SWIFT_EMIT_LOC_STRINGS = NO;
				SWIFT_VERSION = 5.0;
				TARGETED_DEVICE_FAMILY = "1,2";
				TEST_HOST = "$(BUILT_PRODUCTS_DIR)/Unit Test Swift Course.app/$(BUNDLE_EXECUTABLE_FOLDER_PATH)/Unit Test Swift Course";
			};
			name = Debug;
		};
		B93EB2632B638F48002DA374 /* Release */ = {
			isa = XCBuildConfiguration;
			buildSettings = {
				ALWAYS_EMBED_SWIFT_STANDARD_LIBRARIES = YES;
				BUNDLE_LOADER = "$(TEST_HOST)";
				CODE_SIGN_STYLE = Automatic;
				CURRENT_PROJECT_VERSION = 1;
				DEVELOPMENT_TEAM = L3LNYN6YV3;
				GENERATE_INFOPLIST_FILE = YES;
				IPHONEOS_DEPLOYMENT_TARGET = 17.2;
				MARKETING_VERSION = 1.0;
				PRODUCT_BUNDLE_IDENTIFIER = "com.ijesusbarragan.Unit-Test-Swift-CourseTests";
				PRODUCT_NAME = "$(TARGET_NAME)";
				SWIFT_EMIT_LOC_STRINGS = NO;
				SWIFT_VERSION = 5.0;
				TARGETED_DEVICE_FAMILY = "1,2";
				TEST_HOST = "$(BUILT_PRODUCTS_DIR)/Unit Test Swift Course.app/$(BUNDLE_EXECUTABLE_FOLDER_PATH)/Unit Test Swift Course";
			};
			name = Release;
		};
		B93EB2652B638F48002DA374 /* Debug */ = {
			isa = XCBuildConfiguration;
			buildSettings = {
				ALWAYS_EMBED_SWIFT_STANDARD_LIBRARIES = YES;
				CODE_SIGN_STYLE = Automatic;
				CURRENT_PROJECT_VERSION = 1;
				DEVELOPMENT_TEAM = L3LNYN6YV3;
				GENERATE_INFOPLIST_FILE = YES;
				MARKETING_VERSION = 1.0;
				PRODUCT_BUNDLE_IDENTIFIER = "com.ijesusbarragan.Unit-Test-Swift-CourseUITests";
				PRODUCT_NAME = "$(TARGET_NAME)";
				SWIFT_EMIT_LOC_STRINGS = NO;
				SWIFT_VERSION = 5.0;
				TARGETED_DEVICE_FAMILY = "1,2";
				TEST_TARGET_NAME = "Unit Test Swift Course";
			};
			name = Debug;
		};
		B93EB2662B638F48002DA374 /* Release */ = {
			isa = XCBuildConfiguration;
			buildSettings = {
				ALWAYS_EMBED_SWIFT_STANDARD_LIBRARIES = YES;
				CODE_SIGN_STYLE = Automatic;
				CURRENT_PROJECT_VERSION = 1;
				DEVELOPMENT_TEAM = L3LNYN6YV3;
				GENERATE_INFOPLIST_FILE = YES;
				MARKETING_VERSION = 1.0;
				PRODUCT_BUNDLE_IDENTIFIER = "com.ijesusbarragan.Unit-Test-Swift-CourseUITests";
				PRODUCT_NAME = "$(TARGET_NAME)";
				SWIFT_EMIT_LOC_STRINGS = NO;
				SWIFT_VERSION = 5.0;
				TARGETED_DEVICE_FAMILY = "1,2";
				TEST_TARGET_NAME = "Unit Test Swift Course";
			};
			name = Release;
		};
/* End XCBuildConfiguration section */

/* Begin XCConfigurationList section */
		B93EB22F2B638F46002DA374 /* Build configuration list for PBXProject "Unit Test Swift Course" */ = {
			isa = XCConfigurationList;
			buildConfigurations = (
				B93EB25C2B638F48002DA374 /* Debug */,
				B93EB25D2B638F48002DA374 /* Release */,
			);
			defaultConfigurationIsVisible = 0;
			defaultConfigurationName = Release;
		};
		B93EB25E2B638F48002DA374 /* Build configuration list for PBXNativeTarget "Unit Test Swift Course" */ = {
			isa = XCConfigurationList;
			buildConfigurations = (
				B93EB25F2B638F48002DA374 /* Debug */,
				B93EB2602B638F48002DA374 /* Release */,
			);
			defaultConfigurationIsVisible = 0;
			defaultConfigurationName = Release;
		};
		B93EB2612B638F48002DA374 /* Build configuration list for PBXNativeTarget "Unit Test Swift CourseTests" */ = {
			isa = XCConfigurationList;
			buildConfigurations = (
				B93EB2622B638F48002DA374 /* Debug */,
				B93EB2632B638F48002DA374 /* Release */,
			);
			defaultConfigurationIsVisible = 0;
			defaultConfigurationName = Release;
		};
		B93EB2642B638F48002DA374 /* Build configuration list for PBXNativeTarget "Unit Test Swift CourseUITests" */ = {
			isa = XCConfigurationList;
			buildConfigurations = (
				B93EB2652B638F48002DA374 /* Debug */,
				B93EB2662B638F48002DA374 /* Release */,
			);
			defaultConfigurationIsVisible = 0;
			defaultConfigurationName = Release;
		};
/* End XCConfigurationList section */
	};
	rootObject = B93EB22C2B638F46002DA374 /* Project object */;
}
